
Microsoft Visual Studio Solution File, Format Version 12.00
# Visual Studio Version 16
VisualStudioVersion = 16.0.30907.101
MinimumVisualStudioVersion = 10.0.40219.1
Project("{FAE04EC0-301F-11D3-BF4B-00C04F79EFBC}") = "Calculator Task", "Calculator Task\Calculator Task.csproj", "{5FA9F2C1-EB70-4D1F-BD80-5226F15EFECA}"
EndProject
Global
	GlobalSection(SolutionConfigurationPlatforms) = preSolution
		Debug|Any CPU = Debug|Any CPU
		Release|Any CPU = Release|Any CPU
	EndGlobalSection
	GlobalSection(ProjectConfigurationPlatforms) = postSolution
		{5FA9F2C1-EB70-4D1F-BD80-5226F15EFECA}.Debug|Any CPU.ActiveCfg = Debug|Any CPU
		{5FA9F2C1-EB70-4D1F-BD80-5226F15EFECA}.Debug|Any CPU.Build.0 = Debug|Any CPU
		{5FA9F2C1-EB70-4D1F-BD80-5226F15EFECA}.Release|Any CPU.ActiveCfg = Release|Any CPU
		{5FA9F2C1-EB70-4D1F-BD80-5226F15EFECA}.Release|Any CPU.Build.0 = Release|Any CPU
	EndGlobalSection
	GlobalSection(SolutionProperties) = preSolution
		HideSolutionNode = FALSE
	EndGlobalSection
	GlobalSection(ExtensibilityGlobals) = postSolution
		SolutionGuid = {CC898872-87D0-4536-B24B-3F10C5E11077}
	EndGlobalSection
EndGlobal
